
Microsoft Visual Studio Solution File, Format Version 12.00
# Visual Studio Version 17
VisualStudioVersion = 17.14.37411.7 d17.14
MinimumVisualStudioVersion = 10.0.40219.1
Project("{FAE04EC0-301F-11D3-BF4B-00C04F79EFBC}") = "EBYSSistem", "EBYSSistem\EBYSSistem.csproj", "{EB0DFFAE-C3D0-4924-A915-D924736572F5}"
EndProject
Global
	GlobalSection(SolutionConfigurationPlatforms) = preSolution
		Debug|Any CPU = Debug|Any CPU
		Release|Any CPU = Release|Any CPU
	EndGlobalSection
	GlobalSection(ProjectConfigurationPlatforms) = postSolution
		{EB0DFFAE-C3D0-4924-A915-D924736572F5}.Debug|Any CPU.ActiveCfg = Debug|Any CPU
		{EB0DFFAE-C3D0-4924-A915-D924736572F5}.Debug|Any CPU.Build.0 = Debug|Any CPU
		{EB0DFFAE-C3D0-4924-A915-D924736572F5}.Release|Any CPU.ActiveCfg = Release|Any CPU
		{EB0DFFAE-C3D0-4924-A915-D924736572F5}.Release|Any CPU.Build.0 = Release|Any CPU
	EndGlobalSection
	GlobalSection(SolutionProperties) = preSolution
		HideSolutionNode = FALSE
	EndGlobalSection
	GlobalSection(ExtensibilityGlobals) = postSolution
		SolutionGuid = {5F73B7C7-E1B6-40F7-B68B-B34FD3629710}
	EndGlobalSection
EndGlobal
